
Microsoft Visual Studio Solution File, Format Version 12.00
# Visual Studio Version 16
VisualStudioVersion = 16.0.31205.134
MinimumVisualStudioVersion = 10.0.40219.1
Project("{FAE04EC0-301F-11D3-BF4B-00C04F79EFBC}") = "SalesWebMvc", "SalesWebMvc\SalesWebMvc.csproj", "{75E0E9E1-FA96-4270-A290-2B851EC7806C}"
EndProject
Global
	GlobalSection(SolutionConfigurationPlatforms) = preSolution
		Debug|Any CPU = Debug|Any CPU
		Release|Any CPU = Release|Any CPU
	EndGlobalSection
	GlobalSection(ProjectConfigurationPlatforms) = postSolution
		{75E0E9E1-FA96-4270-A290-2B851EC7806C}.Debug|Any CPU.ActiveCfg = Debug|Any CPU
		{75E0E9E1-FA96-4270-A290-2B851EC7806C}.Debug|Any CPU.Build.0 = Debug|Any CPU
		{75E0E9E1-FA96-4270-A290-2B851EC7806C}.Release|Any CPU.ActiveCfg = Release|Any CPU
		{75E0E9E1-FA96-4270-A290-2B851EC7806C}.Release|Any CPU.Build.0 = Release|Any CPU
	EndGlobalSection
	GlobalSection(SolutionProperties) = preSolution
		HideSolutionNode = FALSE
	EndGlobalSection
	GlobalSection(ExtensibilityGlobals) = postSolution
		SolutionGuid = {67745D92-FF22-4386-9823-440C13A25B5F}
	EndGlobalSection
EndGlobal
